
Microsoft Visual Studio Solution File, Format Version 12.00
# Visual Studio 15
VisualStudioVersion = 15.0.28010.2003
MinimumVisualStudioVersion = 10.0.40219.1
Project("{9A19103F-16F7-4668-BE54-9A1E7A4F7556}") = "RayBlog.APi", "RayBlog\RayBlog.APi.csproj", "{FF645092-73E8-4799-B8A1-8905C0A71785}"
EndProject
Project("{9A19103F-16F7-4668-BE54-9A1E7A4F7556}") = "RayBlog.Core", "RayBlog.Core\RayBlog.Core.csproj", "{C830976C-2BEE-41C9-B9BA-0A6E127D8164}"
EndProject
Project("{9A19103F-16F7-4668-BE54-9A1E7A4F7556}") = "RayBlog.Infrastructure", "RayBlog.Infrastructure\RayBlog.Infrastructure.csproj", "{5D6515BC-1E31-40C4-802A-F2E31F1049C5}"
EndProject
Project("{9A19103F-16F7-4668-BE54-9A1E7A4F7556}") = "BlogIdp", "BlogIdp\BlogIdp.csproj", "{C98D755F-ED36-4651-8776-45558422E474}"
EndProject
Project("{FAE04EC0-301F-11D3-BF4B-00C04F79EFBC}") = "MvcClient", "MvcClient\MvcClient.csproj", "{A022E528-04D8-4590-8F80-2B5A3982FD22}"
EndProject
Global
	GlobalSection(SolutionConfigurationPlatforms) = preSolution
		Debug|Any CPU = Debug|Any CPU
		Release|Any CPU = Release|Any CPU
	EndGlobalSection
	GlobalSection(ProjectConfigurationPlatforms) = postSolution
		{FF645092-73E8-4799-B8A1-8905C0A71785}.Debug|Any CPU.ActiveCfg = Debug|Any CPU
		{FF645092-73E8-4799-B8A1-8905C0A71785}.Debug|Any CPU.Build.0 = Debug|Any CPU
		{FF645092-73E8-4799-B8A1-8905C0A71785}.Release|Any CPU.ActiveCfg = Release|Any CPU
		{FF645092-73E8-4799-B8A1-8905C0A71785}.Release|Any CPU.Build.0 = Release|Any CPU
		{C830976C-2BEE-41C9-B9BA-0A6E127D8164}.Debug|Any CPU.ActiveCfg = Debug|Any CPU
		{C830976C-2BEE-41C9-B9BA-0A6E127D8164}.Debug|Any CPU.Build.0 = Debug|Any CPU
		{C830976C-2BEE-41C9-B9BA-0A6E127D8164}.Release|Any CPU.ActiveCfg = Release|Any CPU
		{C830976C-2BEE-41C9-B9BA-0A6E127D8164}.Release|Any CPU.Build.0 = Release|Any CPU
		{5D6515BC-1E31-40C4-802A-F2E31F1049C5}.Debug|Any CPU.ActiveCfg = Debug|Any CPU
		{5D6515BC-1E31-40C4-802A-F2E31F1049C5}.Debug|Any CPU.Build.0 = Debug|Any CPU
		{5D6515BC-1E31-40C4-802A-F2E31F1049C5}.Release|Any CPU.ActiveCfg = Release|Any CPU
		{5D6515BC-1E31-40C4-802A-F2E31F1049C5}.Release|Any CPU.Build.0 = Release|Any CPU
		{C98D755F-ED36-4651-8776-45558422E474}.Debug|Any CPU.ActiveCfg = Debug|Any CPU
		{C98D755F-ED36-4651-8776-45558422E474}.Debug|Any CPU.Build.0 = Debug|Any CPU
		{C98D755F-ED36-4651-8776-45558422E474}.Release|Any CPU.ActiveCfg = Release|Any CPU
		{C98D755F-ED36-4651-8776-45558422E474}.Release|Any CPU.Build.0 = Release|Any CPU
		{A022E528-04D8-4590-8F80-2B5A3982FD22}.Debug|Any CPU.ActiveCfg = Debug|Any CPU
		{A022E528-04D8-4590-8F80-2B5A3982FD22}.Debug|Any CPU.Build.0 = Debug|Any CPU
		{A022E528-04D8-4590-8F80-2B5A3982FD22}.Release|Any CPU.ActiveCfg = Release|Any CPU
		{A022E528-04D8-4590-8F80-2B5A3982FD22}.Release|Any CPU.Build.0 = Release|Any CPU
	EndGlobalSection
	GlobalSection(SolutionProperties) = preSolution
		HideSolutionNode = FALSE
	EndGlobalSection
	GlobalSection(ExtensibilityGlobals) = postSolution
		SolutionGuid = {3B4A1D10-031A-4AF9-B520-BBD7DE3BD625}
	EndGlobalSection
EndGlobal
